
Microsoft Visual Studio Solution File, Format Version 12.00
# Visual Studio 15
VisualStudioVersion = 15.0.28307.489
MinimumVisualStudioVersion = 10.0.40219.1
Project("{8BC9CEB8-8B4A-11D0-8D11-00A0C91BC942}") = "LearnC", "LearnC\LearnC.vcxproj", "{C7BA3C33-279C-4550-A801-43C53FBE7EE9}"
EndProject
Project("{2150E333-8FDC-42A3-9474-1A3956D46DE8}") = "Solution Items", "Solution Items", "{C2A8E794-92CB-4A3A-AE47-8D9A42976C4E}"
	ProjectSection(SolutionItems) = preProject
		README.md = README.md
	EndProjectSection
EndProject
Global
	GlobalSection(SolutionConfigurationPlatforms) = preSolution
		Debug|x64 = Debug|x64
		Debug|x86 = Debug|x86
		Release|x64 = Release|x64
		Release|x86 = Release|x86
	EndGlobalSection
	GlobalSection(ProjectConfigurationPlatforms) = postSolution
		{C7BA3C33-279C-4550-A801-43C53FBE7EE9}.Debug|x64.ActiveCfg = Debug|x64
		{C7BA3C33-279C-4550-A801-43C53FBE7EE9}.Debug|x64.Build.0 = Debug|x64
		{C7BA3C33-279C-4550-A801-43C53FBE7EE9}.Debug|x86.ActiveCfg = Debug|Win32
		{C7BA3C33-279C-4550-A801-43C53FBE7EE9}.Debug|x86.Build.0 = Debug|Win32
		{C7BA3C33-279C-4550-A801-43C53FBE7EE9}.Release|x64.ActiveCfg = Release|x64
		{C7BA3C33-279C-4550-A801-43C53FBE7EE9}.Release|x64.Build.0 = Release|x64
		{C7BA3C33-279C-4550-A801-43C53FBE7EE9}.Release|x86.ActiveCfg = Release|Win32
		{C7BA3C33-279C-4550-A801-43C53FBE7EE9}.Release|x86.Build.0 = Release|Win32
	EndGlobalSection
	GlobalSection(SolutionProperties) = preSolution
		HideSolutionNode = FALSE
	EndGlobalSection
	GlobalSection(ExtensibilityGlobals) = postSolution
		SolutionGuid = {FC41CF29-9340-467F-8A55-634EA8282E59}
	EndGlobalSection
EndGlobal
